
Microsoft Visual Studio Solution File, Format Version 12.00
# Visual Studio Version 17
VisualStudioVersion = 17.5.33627.172
MinimumVisualStudioVersion = 10.0.40219.1
Project("{FAE04EC0-301F-11D3-BF4B-00C04F79EFBC}") = "TestLocalRedirect", "TestLocalRedirect\TestLocalRedirect.csproj", "{7F4885DE-794F-4CE7-90BB-3FA5F6C1A5DA}"
EndProject
Global
	GlobalSection(SolutionConfigurationPlatforms) = preSolution
		Debug|Any CPU = Debug|Any CPU
		Release|Any CPU = Release|Any CPU
	EndGlobalSection
	GlobalSection(ProjectConfigurationPlatforms) = postSolution
		{7F4885DE-794F-4CE7-90BB-3FA5F6C1A5DA}.Debug|Any CPU.ActiveCfg = Debug|Any CPU
		{7F4885DE-794F-4CE7-90BB-3FA5F6C1A5DA}.Debug|Any CPU.Build.0 = Debug|Any CPU
		{7F4885DE-794F-4CE7-90BB-3FA5F6C1A5DA}.Release|Any CPU.ActiveCfg = Release|Any CPU
		{7F4885DE-794F-4CE7-90BB-3FA5F6C1A5DA}.Release|Any CPU.Build.0 = Release|Any CPU
	EndGlobalSection
	GlobalSection(SolutionProperties) = preSolution
		HideSolutionNode = FALSE
	EndGlobalSection
	GlobalSection(ExtensibilityGlobals) = postSolution
		SolutionGuid = {05674C44-F04E-4FA0-B712-8C8A34A0A494}
	EndGlobalSection
EndGlobal
